
Microsoft Visual Studio Solution File, Format Version 12.00
# Visual Studio 15
VisualStudioVersion = 15.0.27130.2036
MinimumVisualStudioVersion = 10.0.40219.1
Project("{FAE04EC0-301F-11D3-BF4B-00C04F79EFBC}") = "App1", "App1\App1.csproj", "{DD4DB1FA-0A8C-408A-A1E6-C748C8E3C07F}"
EndProject
Global
	GlobalSection(SolutionConfigurationPlatforms) = preSolution
		Debug|Any CPU = Debug|Any CPU
		Release|Any CPU = Release|Any CPU
	EndGlobalSection
	GlobalSection(ProjectConfigurationPlatforms) = postSolution
		{DD4DB1FA-0A8C-408A-A1E6-C748C8E3C07F}.Debug|Any CPU.ActiveCfg = Debug|Any CPU
		{DD4DB1FA-0A8C-408A-A1E6-C748C8E3C07F}.Debug|Any CPU.Build.0 = Debug|Any CPU
		{DD4DB1FA-0A8C-408A-A1E6-C748C8E3C07F}.Release|Any CPU.ActiveCfg = Release|Any CPU
		{DD4DB1FA-0A8C-408A-A1E6-C748C8E3C07F}.Release|Any CPU.Build.0 = Release|Any CPU
	EndGlobalSection
	GlobalSection(SolutionProperties) = preSolution
		HideSolutionNode = FALSE
	EndGlobalSection
	GlobalSection(ExtensibilityGlobals) = postSolution
		SolutionGuid = {895F5851-12C0-4869-9F5F-DC7929A1C655}
	EndGlobalSection
EndGlobal
